
Microsoft Visual Studio Solution File, Format Version 12.00
# Visual Studio 2012
Project("{FAE04EC0-301F-11D3-BF4B-00C04F79EFBC}") = "SurvivalKit", "SurvivalKit\SurvivalKit.csproj", "{FFDC5B24-ECB4-4BAD-A28E-B896B5B2F3D2}"
EndProject
Project("{FAE04EC0-301F-11D3-BF4B-00C04F79EFBC}") = "SKPatcher", "SKPatcher\SKPatcher.csproj", "{B0552F02-81B1-4B10-AA5A-1DE487796263}"
EndProject
Project("{FAE04EC0-301F-11D3-BF4B-00C04F79EFBC}") = "SurvivalKit.Tests", "SurvivalKit.Tests\SurvivalKit.Tests.csproj", "{2337A1FE-CA8E-4AB2-9C83-C927A758D671}"
EndProject
Project("{2150E333-8FDC-42A3-9474-1A3956D46DE8}") = "DemoPlugins", "DemoPlugins", "{9B2FDA4D-546D-4A3C-91E0-B0F2FA073777}"
EndProject
Project("{FAE04EC0-301F-11D3-BF4B-00C04F79EFBC}") = "SetBlockEventPlugin", "SurvivalKit.DemoPlugins\SetBlockEventPlugin\SetBlockEventPlugin.csproj", "{8445E53A-04E1-4D57-8CF9-A8DC28B8E494}"
EndProject
Global
	GlobalSection(SolutionConfigurationPlatforms) = preSolution
		Debug|Any CPU = Debug|Any CPU
		Release|Any CPU = Release|Any CPU
	EndGlobalSection
	GlobalSection(ProjectConfigurationPlatforms) = postSolution
		{FFDC5B24-ECB4-4BAD-A28E-B896B5B2F3D2}.Debug|Any CPU.ActiveCfg = Debug|Any CPU
		{FFDC5B24-ECB4-4BAD-A28E-B896B5B2F3D2}.Debug|Any CPU.Build.0 = Debug|Any CPU
		{FFDC5B24-ECB4-4BAD-A28E-B896B5B2F3D2}.Release|Any CPU.ActiveCfg = Release|Any CPU
		{FFDC5B24-ECB4-4BAD-A28E-B896B5B2F3D2}.Release|Any CPU.Build.0 = Release|Any CPU
		{B0552F02-81B1-4B10-AA5A-1DE487796263}.Debug|Any CPU.ActiveCfg = Debug|Any CPU
		{B0552F02-81B1-4B10-AA5A-1DE487796263}.Debug|Any CPU.Build.0 = Debug|Any CPU
		{B0552F02-81B1-4B10-AA5A-1DE487796263}.Release|Any CPU.ActiveCfg = Release|Any CPU
		{B0552F02-81B1-4B10-AA5A-1DE487796263}.Release|Any CPU.Build.0 = Release|Any CPU
		{2337A1FE-CA8E-4AB2-9C83-C927A758D671}.Debug|Any CPU.ActiveCfg = Debug|Any CPU
		{2337A1FE-CA8E-4AB2-9C83-C927A758D671}.Debug|Any CPU.Build.0 = Debug|Any CPU
		{2337A1FE-CA8E-4AB2-9C83-C927A758D671}.Release|Any CPU.ActiveCfg = Release|Any CPU
		{2337A1FE-CA8E-4AB2-9C83-C927A758D671}.Release|Any CPU.Build.0 = Release|Any CPU
		{8445E53A-04E1-4D57-8CF9-A8DC28B8E494}.Debug|Any CPU.ActiveCfg = Debug|Any CPU
		{8445E53A-04E1-4D57-8CF9-A8DC28B8E494}.Debug|Any CPU.Build.0 = Debug|Any CPU
		{8445E53A-04E1-4D57-8CF9-A8DC28B8E494}.Release|Any CPU.ActiveCfg = Release|Any CPU
		{8445E53A-04E1-4D57-8CF9-A8DC28B8E494}.Release|Any CPU.Build.0 = Release|Any CPU
	EndGlobalSection
	GlobalSection(SolutionProperties) = preSolution
		HideSolutionNode = FALSE
	EndGlobalSection
	GlobalSection(NestedProjects) = preSolution
		{8445E53A-04E1-4D57-8CF9-A8DC28B8E494} = {9B2FDA4D-546D-4A3C-91E0-B0F2FA073777}
	EndGlobalSection
	GlobalSection(MonoDevelopProperties) = preSolution
		StartupItem = SKPatcher\SKPatcher.csproj
	EndGlobalSection
EndGlobal
